
Microsoft Visual Studio Solution File, Format Version 12.00
# Visual Studio Version 16
VisualStudioVersion = 16.0.31105.61
MinimumVisualStudioVersion = 10.0.40219.1
Project("{FAE04EC0-301F-11D3-BF4B-00C04F79EFBC}") = "desafioSoftplan", "desafioSoftplan\desafioSoftplan.csproj", "{73ED2F93-D512-46D9-8B61-92324F5C3F45}"
EndProject
Project("{FAE04EC0-301F-11D3-BF4B-00C04F79EFBC}") = "desafioSoftplanTestes", "desafioSoftplanTestes\desafioSoftplanTestes.csproj", "{01BEE671-4F7D-4B3F-A748-D41A3D2F023B}"
EndProject
Global
	GlobalSection(SolutionConfigurationPlatforms) = preSolution
		Debug|Any CPU = Debug|Any CPU
		Release|Any CPU = Release|Any CPU
	EndGlobalSection
	GlobalSection(ProjectConfigurationPlatforms) = postSolution
		{73ED2F93-D512-46D9-8B61-92324F5C3F45}.Debug|Any CPU.ActiveCfg = Debug|Any CPU
		{73ED2F93-D512-46D9-8B61-92324F5C3F45}.Debug|Any CPU.Build.0 = Debug|Any CPU
		{73ED2F93-D512-46D9-8B61-92324F5C3F45}.Release|Any CPU.ActiveCfg = Release|Any CPU
		{73ED2F93-D512-46D9-8B61-92324F5C3F45}.Release|Any CPU.Build.0 = Release|Any CPU
		{01BEE671-4F7D-4B3F-A748-D41A3D2F023B}.Debug|Any CPU.ActiveCfg = Debug|Any CPU
		{01BEE671-4F7D-4B3F-A748-D41A3D2F023B}.Debug|Any CPU.Build.0 = Debug|Any CPU
		{01BEE671-4F7D-4B3F-A748-D41A3D2F023B}.Release|Any CPU.ActiveCfg = Release|Any CPU
		{01BEE671-4F7D-4B3F-A748-D41A3D2F023B}.Release|Any CPU.Build.0 = Release|Any CPU
	EndGlobalSection
	GlobalSection(SolutionProperties) = preSolution
		HideSolutionNode = FALSE
	EndGlobalSection
	GlobalSection(ExtensibilityGlobals) = postSolution
		SolutionGuid = {8E8AE286-BDE5-4BAF-880D-A2AD3C69DB38}
	EndGlobalSection
EndGlobal
